
Microsoft Visual Studio Solution File, Format Version 12.00
# Visual Studio Version 17
VisualStudioVersion = 17.2.32516.85
MinimumVisualStudioVersion = 10.0.40219.1
Project("{9A19103F-16F7-4668-BE54-9A1E7A4F7556}") = "HFlashServer", "HFlashServer\HFlashServer.csproj", "{31E9EE63-7F3C-43AC-A7B2-CCFA7AA573D1}"
EndProject
Project("{FAE04EC0-301F-11D3-BF4B-00C04F79EFBC}") = "HFlash", "HFlash\HFlash.csproj", "{982F9D06-3C5A-4F8B-9D1B-4FAD7BC646EE}"
EndProject
Global
	GlobalSection(SolutionConfigurationPlatforms) = preSolution
		Debug|Any CPU = Debug|Any CPU
		Release|Any CPU = Release|Any CPU
	EndGlobalSection
	GlobalSection(ProjectConfigurationPlatforms) = postSolution
		{31E9EE63-7F3C-43AC-A7B2-CCFA7AA573D1}.Debug|Any CPU.ActiveCfg = Debug|Any CPU
		{31E9EE63-7F3C-43AC-A7B2-CCFA7AA573D1}.Debug|Any CPU.Build.0 = Debug|Any CPU
		{31E9EE63-7F3C-43AC-A7B2-CCFA7AA573D1}.Release|Any CPU.ActiveCfg = Release|Any CPU
		{31E9EE63-7F3C-43AC-A7B2-CCFA7AA573D1}.Release|Any CPU.Build.0 = Release|Any CPU
		{982F9D06-3C5A-4F8B-9D1B-4FAD7BC646EE}.Debug|Any CPU.ActiveCfg = Debug|Any CPU
		{982F9D06-3C5A-4F8B-9D1B-4FAD7BC646EE}.Debug|Any CPU.Build.0 = Debug|Any CPU
		{982F9D06-3C5A-4F8B-9D1B-4FAD7BC646EE}.Release|Any CPU.ActiveCfg = Release|Any CPU
		{982F9D06-3C5A-4F8B-9D1B-4FAD7BC646EE}.Release|Any CPU.Build.0 = Release|Any CPU
	EndGlobalSection
	GlobalSection(SolutionProperties) = preSolution
		HideSolutionNode = FALSE
	EndGlobalSection
	GlobalSection(ExtensibilityGlobals) = postSolution
		SolutionGuid = {378628B9-33D1-453A-8CFB-EBA2D64270F5}
	EndGlobalSection
EndGlobal
